
Microsoft Visual Studio Solution File, Format Version 11.00
# Visual Studio 2010
Project("{FAE04EC0-301F-11D3-BF4B-00C04F79EFBC}") = "Editor", "Libraries\EditorLibrary\Editor.csproj", "{52EF2FBA-B90D-4B52-B686-2C4EED747B49}"
EndProject
Project("{FAE04EC0-301F-11D3-BF4B-00C04F79EFBC}") = "WindowsClient", "Clients\WindowsClient\WindowsClient.csproj", "{D403C768-9AAA-406A-8887-F9F44B5C48C6}"
EndProject
Project("{FAE04EC0-301F-11D3-BF4B-00C04F79EFBC}") = "ILNET", "Model\ILNET\ILNET.csproj", "{7263D942-54D0-4F89-BE55-040491674F9F}"
EndProject
Project("{FAE04EC0-301F-11D3-BF4B-00C04F79EFBC}") = "WindowsService", "Servers\WindowsService\WindowsService.csproj", "{28E2471B-1225-4774-99AA-8A07A4502B60}"
EndProject
Project("{FAE04EC0-301F-11D3-BF4B-00C04F79EFBC}") = "ILNETServer", "Libraries\ServerLibrary\ILNETServer.csproj", "{9CB668D3-8E48-4D66-A792-5F713165EE4B}"
EndProject
Project("{FAE04EC0-301F-11D3-BF4B-00C04F79EFBC}") = "ConsoleServer", "Servers\ConsoleServer\ConsoleServer.csproj", "{D4048C93-E354-4E25-A277-D2CE967EC8F9}"
EndProject
Project("{FAE04EC0-301F-11D3-BF4B-00C04F79EFBC}") = "Common", "Libraries\ShellLibrary\Common.csproj", "{660B66BC-A0AC-4DD4-8214-D9470AC9FAB3}"
EndProject
Project("{2150E333-8FDC-42A3-9474-1A3956D46DE8}") = "Model", "Model", "{CEBDB8F9-EF3A-47B1-AE98-77EBB388960A}"
EndProject
Project("{2150E333-8FDC-42A3-9474-1A3956D46DE8}") = "Libraries", "Libraries", "{BECEEBFD-F271-4519-9732-C1CF677803DE}"
EndProject
Project("{2150E333-8FDC-42A3-9474-1A3956D46DE8}") = "Servers", "Servers", "{01787DF0-C87B-416B-AEA3-989507A14DF7}"
EndProject
Project("{2150E333-8FDC-42A3-9474-1A3956D46DE8}") = "Clients", "Clients", "{53DDF44C-A4E1-422E-B550-1E2B3DE4E198}"
EndProject
Project("{2150E333-8FDC-42A3-9474-1A3956D46DE8}") = "Solution Items", "Solution Items", "{F29F212F-0AF5-4C18-B042-F6D5E5B75DE6}"
	ProjectSection(SolutionItems) = preProject
		ILNET.vsd = ILNET.vsd
	EndProjectSection
EndProject
Project("{FAE04EC0-301F-11D3-BF4B-00C04F79EFBC}") = "Compiler", "Libraries\CompilerLibrary\Compiler.csproj", "{0EA0C581-864E-4742-8718-5A8D19F59004}"
EndProject
Global
	GlobalSection(SolutionConfigurationPlatforms) = preSolution
		Debug|Any CPU = Debug|Any CPU
		Release|Any CPU = Release|Any CPU
	EndGlobalSection
	GlobalSection(ProjectConfigurationPlatforms) = postSolution
		{52EF2FBA-B90D-4B52-B686-2C4EED747B49}.Debug|Any CPU.ActiveCfg = Debug|Any CPU
		{52EF2FBA-B90D-4B52-B686-2C4EED747B49}.Debug|Any CPU.Build.0 = Debug|Any CPU
		{52EF2FBA-B90D-4B52-B686-2C4EED747B49}.Release|Any CPU.ActiveCfg = Release|Any CPU
		{52EF2FBA-B90D-4B52-B686-2C4EED747B49}.Release|Any CPU.Build.0 = Release|Any CPU
		{D403C768-9AAA-406A-8887-F9F44B5C48C6}.Debug|Any CPU.ActiveCfg = Debug|Any CPU
		{D403C768-9AAA-406A-8887-F9F44B5C48C6}.Debug|Any CPU.Build.0 = Debug|Any CPU
		{D403C768-9AAA-406A-8887-F9F44B5C48C6}.Release|Any CPU.ActiveCfg = Release|Any CPU
		{D403C768-9AAA-406A-8887-F9F44B5C48C6}.Release|Any CPU.Build.0 = Release|Any CPU
		{7263D942-54D0-4F89-BE55-040491674F9F}.Debug|Any CPU.ActiveCfg = Debug|Any CPU
		{7263D942-54D0-4F89-BE55-040491674F9F}.Debug|Any CPU.Build.0 = Debug|Any CPU
		{7263D942-54D0-4F89-BE55-040491674F9F}.Release|Any CPU.ActiveCfg = Release|Any CPU
		{7263D942-54D0-4F89-BE55-040491674F9F}.Release|Any CPU.Build.0 = Release|Any CPU
		{28E2471B-1225-4774-99AA-8A07A4502B60}.Debug|Any CPU.ActiveCfg = Debug|Any CPU
		{28E2471B-1225-4774-99AA-8A07A4502B60}.Release|Any CPU.ActiveCfg = Release|Any CPU
		{9CB668D3-8E48-4D66-A792-5F713165EE4B}.Debug|Any CPU.ActiveCfg = Debug|Any CPU
		{9CB668D3-8E48-4D66-A792-5F713165EE4B}.Release|Any CPU.ActiveCfg = Release|Any CPU
		{D4048C93-E354-4E25-A277-D2CE967EC8F9}.Debug|Any CPU.ActiveCfg = Debug|Any CPU
		{D4048C93-E354-4E25-A277-D2CE967EC8F9}.Release|Any CPU.ActiveCfg = Release|Any CPU
		{660B66BC-A0AC-4DD4-8214-D9470AC9FAB3}.Debug|Any CPU.ActiveCfg = Debug|Any CPU
		{660B66BC-A0AC-4DD4-8214-D9470AC9FAB3}.Debug|Any CPU.Build.0 = Debug|Any CPU
		{660B66BC-A0AC-4DD4-8214-D9470AC9FAB3}.Release|Any CPU.ActiveCfg = Release|Any CPU
		{660B66BC-A0AC-4DD4-8214-D9470AC9FAB3}.Release|Any CPU.Build.0 = Release|Any CPU
		{0EA0C581-864E-4742-8718-5A8D19F59004}.Debug|Any CPU.ActiveCfg = Debug|Any CPU
		{0EA0C581-864E-4742-8718-5A8D19F59004}.Debug|Any CPU.Build.0 = Debug|Any CPU
		{0EA0C581-864E-4742-8718-5A8D19F59004}.Release|Any CPU.ActiveCfg = Release|Any CPU
		{0EA0C581-864E-4742-8718-5A8D19F59004}.Release|Any CPU.Build.0 = Release|Any CPU
	EndGlobalSection
	GlobalSection(SolutionProperties) = preSolution
		HideSolutionNode = FALSE
	EndGlobalSection
	GlobalSection(NestedProjects) = preSolution
		{9CB668D3-8E48-4D66-A792-5F713165EE4B} = {BECEEBFD-F271-4519-9732-C1CF677803DE}
		{660B66BC-A0AC-4DD4-8214-D9470AC9FAB3} = {BECEEBFD-F271-4519-9732-C1CF677803DE}
		{52EF2FBA-B90D-4B52-B686-2C4EED747B49} = {BECEEBFD-F271-4519-9732-C1CF677803DE}
		{0EA0C581-864E-4742-8718-5A8D19F59004} = {BECEEBFD-F271-4519-9732-C1CF677803DE}
		{D403C768-9AAA-406A-8887-F9F44B5C48C6} = {53DDF44C-A4E1-422E-B550-1E2B3DE4E198}
		{7263D942-54D0-4F89-BE55-040491674F9F} = {CEBDB8F9-EF3A-47B1-AE98-77EBB388960A}
		{D4048C93-E354-4E25-A277-D2CE967EC8F9} = {01787DF0-C87B-416B-AEA3-989507A14DF7}
		{28E2471B-1225-4774-99AA-8A07A4502B60} = {01787DF0-C87B-416B-AEA3-989507A14DF7}
	EndGlobalSection
EndGlobal
